PODS:
  - TCSCustomRowActionFactory (1.0.0)

DEPENDENCIES:
  - TCSCustomRowActionFactory (from `../`)

EXTERNAL SOURCES:
  TCSCustomRowActionFactory:
    :path: "../"

SPEC CHECKSUMS:
  TCSCustomRowActionFactory: a9dc3b559d72c985ff9a70bc1083f2df41cb8bcc

PODFILE CHECKSUM: 0fd78c06551ed82e21aeee7555b03967c073ece4

COCOAPODS: 1.6.1
