PODS:
  - TCSCustomRowActionFactory (1.0.0)

DEPENDENCIES:
  - TCSCustomRowActionFactory (from `../`)

EXTERNAL SOURCES:
  TCSCustomRowActionFactory:
    :path: "../"

SPEC CHECKSUMS:
  TCSCustomRowActionFactory: 6281cc004ead1d4c5798f54b1ad012cd8be6e8f8

PODFILE CHECKSUM: 0fd78c06551ed82e21aeee7555b03967c073ece4

COCOAPODS: 1.5.3
