PODS:
  - TCSCustomRowActionFactory (1.0.0)

DEPENDENCIES:
  - TCSCustomRowActionFactory (from `../`)

EXTERNAL SOURCES:
  TCSCustomRowActionFactory:
    :path: "../"

SPEC CHECKSUMS:
  TCSCustomRowActionFactory: 0a2fb07f8f6c28e6d695ae8a6aadedcfa779e65c

PODFILE CHECKSUM: 0fd78c06551ed82e21aeee7555b03967c073ece4

COCOAPODS: 1.6.1
